<?xml version="1.0" encoding="utf-8"?>
<Project ToolsVersion="4.0" xmlns="http://schemas.microsoft.com/developer/msbuild/2003">
  <ItemGroup>
    <Filter Include="Source Files">
      <UniqueIdentifier>{4FC737F1-C7A5-4376-A066-2A32D752A2FF}</UniqueIdentifier>
      <Extensions>cpp;c;cc;cxx;c++;cppm;ixx;def;odl;idl;hpj;bat;asm;asmx</Extensions>
    </Filter>
    <Filter Include="Header Files">
      <UniqueIdentifier>{93995380-89BD-4b04-88EB-625FBE52EBFB}</UniqueIdentifier>
      <Extensions>h;hh;hpp;hxx;h++;hm;inl;inc;ipp;xsd</Extensions>
    </Filter>
    <Filter Include="Resource Files">
      <UniqueIdentifier>{67DA6AB6-F800-4c08-8B7A-83BB121AAD01}</UniqueIdentifier>
      <Extensions>rc;ico;cur;bmp;dlg;rc2;rct;bin;rgs;gif;jpg;jpeg;jpe;resx;tiff;tif;png;wav;mfcribbon-ms</Extensions>
    </Filter>
  </ItemGroup>
  <ItemGroup>
    <ClCompile Include="dllmain.cpp">
      <Filter>Source Files</Filter>
    </ClCompile>
    <ClCompile Include="src\Glacier\Math\float4.cpp">
      <Filter>Source Files</Filter>
    </ClCompile>
    <ClCompile Include="src\Glacier\Math\SMatrix43.cpp">
      <Filter>Source Files</Filter>
    </ClCompile>
    <ClCompile Include="src\Glacier\Math\SVector2.cpp">
      <Filter>Source Files</Filter>
    </ClCompile>
    <ClCompile Include="src\Glacier\Math\SVector3.cpp">
      <Filter>Source Files</Filter>
    </ClCompile>
    <ClCompile Include="src\Glacier\Math\SVector4.cpp">
      <Filter>Source Files</Filter>
    </ClCompile>
    <ClCompile Include="src\Glacier\RenderPrimitive\SPrimHeader.cpp">
      <Filter>Source Files</Filter>
    </ClCompile>
    <ClCompile Include="src\Glacier\RenderPrimitive\SPrimObject.cpp">
      <Filter>Source Files</Filter>
    </ClCompile>
    <ClCompile Include="src\Glacier\Resource\ZResourceHeaderReader.cpp">
      <Filter>Source Files</Filter>
    </ClCompile>
    <ClCompile Include="src\Glacier\Resource\ZRuntimeResourceID.cpp">
      <Filter>Source Files</Filter>
    </ClCompile>
    <ClCompile Include="src\IO\BinaryReader.cpp">
      <Filter>Source Files</Filter>
    </ClCompile>
    <ClCompile Include="src\IO\BinaryWriter.cpp">
      <Filter>Source Files</Filter>
    </ClCompile>
    <ClCompile Include="src\IO\InputFileStream.cpp">
      <Filter>Source Files</Filter>
    </ClCompile>
    <ClCompile Include="src\IO\InputMemoryStream.cpp">
      <Filter>Source Files</Filter>
    </ClCompile>
    <ClCompile Include="src\IO\OuputFileStream.cpp">
      <Filter>Source Files</Filter>
    </ClCompile>
    <ClCompile Include="src\IO\OutputMemoryStream.cpp">
      <Filter>Source Files</Filter>
    </ClCompile>
    <ClCompile Include="src\Registry\PropertyRegistry.cpp">
      <Filter>Source Files</Filter>
    </ClCompile>
    <ClCompile Include="src\Registry\ResourceIDRegistry.cpp">
      <Filter>Source Files</Filter>
    </ClCompile>
    <ClCompile Include="src\Resources\EntityTemplate.cpp">
      <Filter>Source Files</Filter>
    </ClCompile>
    <ClCompile Include="src\Resources\EntityTemplateBlueprint.cpp">
      <Filter>Source Files</Filter>
    </ClCompile>
    <ClCompile Include="src\Resources\HeaderLibrary.cpp">
      <Filter>Source Files</Filter>
    </ClCompile>
    <ClCompile Include="src\Resources\RenderMaterialInstance.cpp">
      <Filter>Source Files</Filter>
    </ClCompile>
    <ClCompile Include="src\Resources\RenderPrimitive.cpp">
      <Filter>Source Files</Filter>
    </ClCompile>
    <ClCompile Include="src\Resources\Resource.cpp">
      <Filter>Source Files</Filter>
    </ClCompile>
    <ClCompile Include="src\Resources\Texture.cpp">
      <Filter>Source Files</Filter>
    </ClCompile>
    <ClCompile Include="src\Utility\ResourceUtility.cpp">
      <Filter>Source Files</Filter>
    </ClCompile>
    <ClCompile Include="src\Utility\StringUtility.cpp">
      <Filter>Source Files</Filter>
    </ClCompile>
    <ClCompile Include="src\Hash.cpp">
      <Filter>Source Files</Filter>
    </ClCompile>
    <ClCompile Include="src\Map.cpp">
      <Filter>Source Files</Filter>
    </ClCompile>
    <ClCompile Include="src\Glacier\Material\SRMaterialPropertyList.cpp">
      <Filter>Source Files</Filter>
    </ClCompile>
    <ClCompile Include="src\Glacier\Math\SMatrix33.cpp">
      <Filter>Source Files</Filter>
    </ClCompile>
  </ItemGroup>
  <ItemGroup>
    <ClInclude Include="include\Glacier\Material\PROPERTY_TYPE.h">
      <Filter>Header Files</Filter>
    </ClInclude>
    <ClInclude Include="include\Glacier\Material\SProperty.h">
      <Filter>Header Files</Filter>
    </ClInclude>
    <ClInclude Include="include\Glacier\Material\SRMaterialProperties.h">
      <Filter>Header Files</Filter>
    </ClInclude>
    <ClInclude Include="include\Glacier\Material\SRMaterialPropertyList.h">
      <Filter>Header Files</Filter>
    </ClInclude>
    <ClInclude Include="include\Glacier\Math\float4.h">
      <Filter>Header Files</Filter>
    </ClInclude>
    <ClInclude Include="include\Glacier\Math\SMatrix43.h">
      <Filter>Header Files</Filter>
    </ClInclude>
    <ClInclude Include="include\Glacier\Math\SVector2.h">
      <Filter>Header Files</Filter>
    </ClInclude>
    <ClInclude Include="include\Glacier\Math\SVector3.h">
      <Filter>Header Files</Filter>
    </ClInclude>
    <ClInclude Include="include\Glacier\Math\SVector4.h">
      <Filter>Header Files</Filter>
    </ClInclude>
    <ClInclude Include="include\Glacier\Render\ERenderFormat.h">
      <Filter>Header Files</Filter>
    </ClInclude>
    <ClInclude Include="include\Glacier\Render\ERenderResourceMipInterpolation.h">
      <Filter>Header Files</Filter>
    </ClInclude>
    <ClInclude Include="include\Glacier\Render\SRenderFormatDesc.h">
      <Filter>Header Files</Filter>
    </ClInclude>
    <ClInclude Include="include\Glacier\Render\ZTextureMap.h">
      <Filter>Header Files</Filter>
    </ClInclude>
    <ClInclude Include="include\Glacier\RenderPrimitive\SBoneInfo.h">
      <Filter>Header Files</Filter>
    </ClInclude>
    <ClInclude Include="include\Glacier\RenderPrimitive\SPrimHeader.h">
      <Filter>Header Files</Filter>
    </ClInclude>
    <ClInclude Include="include\Glacier\RenderPrimitive\SPrimMesh.h">
      <Filter>Header Files</Filter>
    </ClInclude>
    <ClInclude Include="include\Glacier\RenderPrimitive\SPrimMeshWeighted.h">
      <Filter>Header Files</Filter>
    </ClInclude>
    <ClInclude Include="include\Glacier\RenderPrimitive\SPrimObject.h">
      <Filter>Header Files</Filter>
    </ClInclude>
    <ClInclude Include="include\Glacier\RenderPrimitive\SPrimObjectHeader.h">
      <Filter>Header Files</Filter>
    </ClInclude>
    <ClInclude Include="include\Glacier\RenderPrimitive\SPrimSubMesh.h">
      <Filter>Header Files</Filter>
    </ClInclude>
    <ClInclude Include="include\Glacier\Resource\SResourceHeaderHeader.h">
      <Filter>Header Files</Filter>
    </ClInclude>
    <ClInclude Include="include\Glacier\Resource\ZResourceHeaderReader.h">
      <Filter>Header Files</Filter>
    </ClInclude>
    <ClInclude Include="include\Glacier\Resource\ZRuntimeResourceID.h">
      <Filter>Header Files</Filter>
    </ClInclude>
    <ClInclude Include="include\IO\BinaryReader.h">
      <Filter>Header Files</Filter>
    </ClInclude>
    <ClInclude Include="include\IO\BinaryWriter.h">
      <Filter>Header Files</Filter>
    </ClInclude>
    <ClInclude Include="include\IO\InputFileStream.h">
      <Filter>Header Files</Filter>
    </ClInclude>
    <ClInclude Include="include\IO\InputMemoryStream.h">
      <Filter>Header Files</Filter>
    </ClInclude>
    <ClInclude Include="include\IO\OutputFileStream.h">
      <Filter>Header Files</Filter>
    </ClInclude>
    <ClInclude Include="include\IO\OutputMemoryStream.h">
      <Filter>Header Files</Filter>
    </ClInclude>
    <ClInclude Include="include\IO\SeekOrigin.h">
      <Filter>Header Files</Filter>
    </ClInclude>
    <ClInclude Include="include\Registry\PropertyRegistry.h">
      <Filter>Header Files</Filter>
    </ClInclude>
    <ClInclude Include="include\Registry\ResourceIDRegistry.h">
      <Filter>Header Files</Filter>
    </ClInclude>
    <ClInclude Include="include\Resources\EntityTemplate.h">
      <Filter>Header Files</Filter>
    </ClInclude>
    <ClInclude Include="include\Resources\EntityTemplateBlueprint.h">
      <Filter>Header Files</Filter>
    </ClInclude>
    <ClInclude Include="include\Resources\HeaderLibrary.h">
      <Filter>Header Files</Filter>
    </ClInclude>
    <ClInclude Include="include\Resources\RenderMaterialInstance.h">
      <Filter>Header Files</Filter>
    </ClInclude>
    <ClInclude Include="include\Resources\RenderPrimitive.h">
      <Filter>Header Files</Filter>
    </ClInclude>
    <ClInclude Include="include\Resources\Resource.h">
      <Filter>Header Files</Filter>
    </ClInclude>
    <ClInclude Include="include\Resources\Texture.h">
      <Filter>Header Files</Filter>
    </ClInclude>
    <ClInclude Include="include\Utility\ResourceUtility.h">
      <Filter>Header Files</Filter>
    </ClInclude>
    <ClInclude Include="include\Utility\StringUtility.h">
      <Filter>Header Files</Filter>
    </ClInclude>
    <ClInclude Include="include\Global.h">
      <Filter>Header Files</Filter>
    </ClInclude>
    <ClInclude Include="include\Hash.h">
      <Filter>Header Files</Filter>
    </ClInclude>
    <ClInclude Include="include\Map.h">
      <Filter>Header Files</Filter>
    </ClInclude>
    <ClInclude Include="include\Glacier\Math\SMatrix33.h">
      <Filter>Header Files</Filter>
    </ClInclude>
  </ItemGroup>
</Project>